# This file is automatically @generated by Cargo.
# It is not intended for manual editing.
[[package]]
name = "cc"
version = "1.0.66"
source = "registry+https://github.com/rust-lang/crates.io-index"
checksum = "4c0496836a84f8d0495758516b8621a622beb77c0fed418570e50764093ced48"

[[package]]
name = "glam"
version = "0.11.3"
source = "registry+https://github.com/rust-lang/crates.io-index"
checksum = "49d9e5a6410cd46e6bea97123cec5ef1cba14274aad26a1835dd3c9b753ae069"
dependencies = [
 "version_check",
]

[[package]]
name = "libc"
version = "0.2.81"
source = "registry+https://github.com/rust-lang/crates.io-index"
checksum = "1482821306169ec4d07f6aca392a4681f66c75c9918aa49641a2595db64053cb"

[[package]]
name = "minifps"
version = "0.1.0"
dependencies = [
 "glam",
 "miniquad",
]

[[package]]
name = "miniquad"
version = "0.3.0-alpha.25"
source = "git+https://github.com/cedric-h/miniquad?branch=cursor_grab#be4977784f2156cf369691862cc064d053d86cd7"
dependencies = [
 "sapp-android",
 "sapp-darwin",
 "sapp-dummy",
 "sapp-ios",
 "sapp-linux",
 "sapp-wasm",
 "sapp-windows",
]

[[package]]
name = "sapp-android"
version = "0.1.5"
source = "git+https://github.com/cedric-h/miniquad?branch=cursor_grab#be4977784f2156cf369691862cc064d053d86cd7"
dependencies = [
 "cc",
]

[[package]]
name = "sapp-darwin"
version = "0.1.4"
source = "git+https://github.com/cedric-h/miniquad?branch=cursor_grab#be4977784f2156cf369691862cc064d053d86cd7"
dependencies = [
 "cc",
]

[[package]]
name = "sapp-dummy"
version = "0.1.5"
source = "git+https://github.com/cedric-h/miniquad?branch=cursor_grab#be4977784f2156cf369691862cc064d053d86cd7"
dependencies = [
 "libc",
]

[[package]]
name = "sapp-ios"
version = "0.1.2"
source = "git+https://github.com/cedric-h/miniquad?branch=cursor_grab#be4977784f2156cf369691862cc064d053d86cd7"
dependencies = [
 "cc",
]

[[package]]
name = "sapp-linux"
version = "0.1.11"
source = "git+https://github.com/cedric-h/miniquad?branch=cursor_grab#be4977784f2156cf369691862cc064d053d86cd7"
dependencies = [
 "libc",
]

[[package]]
name = "sapp-wasm"
version = "0.1.20"
source = "git+https://github.com/cedric-h/miniquad?branch=cursor_grab#be4977784f2156cf369691862cc064d053d86cd7"

[[package]]
name = "sapp-windows"
version = "0.2.14"
source = "git+https://github.com/cedric-h/miniquad?branch=cursor_grab#be4977784f2156cf369691862cc064d053d86cd7"
dependencies = [
 "winapi",
]

[[package]]
name = "version_check"
version = "0.9.2"
source = "registry+https://github.com/rust-lang/crates.io-index"
checksum = "b5a972e5669d67ba988ce3dc826706fb0a8b01471c088cb0b6110b805cc36aed"

[[package]]
name = "winapi"
version = "0.3.9"
source = "registry+https://github.com/rust-lang/crates.io-index"
checksum = "5c839a674fcd7a98952e593242ea400abe93992746761e38641405d28b00f419"
dependencies = [
 "winapi-i686-pc-windows-gnu",
 "winapi-x86_64-pc-windows-gnu",
]

[[package]]
name = "winapi-i686-pc-windows-gnu"
version = "0.4.0"
source = "registry+https://github.com/rust-lang/crates.io-index"
checksum = "ac3b87c63620426dd9b991e5ce0329eff545bccbbb34f3be09ff6fb6ab51b7b6"

[[package]]
name = "winapi-x86_64-pc-windows-gnu"
version = "0.4.0"
source = "registry+https://github.com/rust-lang/crates.io-index"
checksum = "712e227841d057c1ee1cd2fb22fa7e5a5461ae8e48fa2ca79ec42cfc1931183f"
